
Microsoft Visual Studio Solution File, Format Version 12.00
# Visual Studio Version 17
VisualStudioVersion = 17.6.33829.357
MinimumVisualStudioVersion = 10.0.40219.1
Project("{FAE04EC0-301F-11D3-BF4B-00C04F79EFBC}") = "Calculator", "Calculator\Calculator.csproj", "{484A07D6-9E17-40C6-A38B-09D164B39589}"
EndProject
Global
	GlobalSection(SolutionConfigurationPlatforms) = preSolution
		Debug|Any CPU = Debug|Any CPU
		Release|Any CPU = Release|Any CPU
	EndGlobalSection
	GlobalSection(ProjectConfigurationPlatforms) = postSolution
		{484A07D6-9E17-40C6-A38B-09D164B39589}.Debug|Any CPU.ActiveCfg = Debug|Any CPU
		{484A07D6-9E17-40C6-A38B-09D164B39589}.Debug|Any CPU.Build.0 = Debug|Any CPU
		{484A07D6-9E17-40C6-A38B-09D164B39589}.Release|Any CPU.ActiveCfg = Release|Any CPU
		{484A07D6-9E17-40C6-A38B-09D164B39589}.Release|Any CPU.Build.0 = Release|Any CPU
	EndGlobalSection
	GlobalSection(SolutionProperties) = preSolution
		HideSolutionNode = FALSE
	EndGlobalSection
	GlobalSection(ExtensibilityGlobals) = postSolution
		SolutionGuid = {C37BCC63-EBF9-493E-8880-CC68ABF05C9E}
	EndGlobalSection
EndGlobal
